
Microsoft Visual Studio Solution File, Format Version 12.00
# Visual Studio 15
VisualStudioVersion = 15.0.27004.2005
MinimumVisualStudioVersion = 10.0.40219.1
Project("{FAE04EC0-301F-11D3-BF4B-00C04F79EFBC}") = "Loot", "Loot.csproj", "{6FAC04A1-1D95-4F18-BEE0-BD32AA5BA773}"
EndProject
Global
	GlobalSection(SolutionConfigurationPlatforms) = preSolution
		Debug|Any CPU = Debug|Any CPU
		Release|Any CPU = Release|Any CPU
	EndGlobalSection
	GlobalSection(ProjectConfigurationPlatforms) = postSolution
		{6FAC04A1-1D95-4F18-BEE0-BD32AA5BA773}.Debug|Any CPU.ActiveCfg = Debug|Any CPU
		{6FAC04A1-1D95-4F18-BEE0-BD32AA5BA773}.Debug|Any CPU.Build.0 = Debug|Any CPU
		{6FAC04A1-1D95-4F18-BEE0-BD32AA5BA773}.Release|Any CPU.ActiveCfg = Release|Any CPU
		{6FAC04A1-1D95-4F18-BEE0-BD32AA5BA773}.Release|Any CPU.Build.0 = Release|Any CPU
	EndGlobalSection
	GlobalSection(SolutionProperties) = preSolution
		HideSolutionNode = FALSE
	EndGlobalSection
	GlobalSection(ExtensibilityGlobals) = postSolution
		SolutionGuid = {5194A786-E0C9-4084-9F30-49F881E49CF3}
	EndGlobalSection
EndGlobal
